
Microsoft Visual Studio Solution File, Format Version 12.00
Project("{FAE04EC0-301F-11D3-BF4B-00C04F79EFBC}") = "ThesisBackend", "ThesisBackend.csproj", "{BDA1A0AA-301B-4E57-B85B-32390D21DF14}"
EndProject
Project("{FAE04EC0-301F-11D3-BF4B-00C04F79EFBC}") = "ThesisBackend.Data", "ThesisBackend.Data\ThesisBackend.Data.csproj", "{6ABCDA36-3119-46BA-9F9C-8AE7A53BB2CF}"
EndProject
Project("{FAE04EC0-301F-11D3-BF4B-00C04F79EFBC}") = "ThesisBackend.Domain", "ThesisBackend.Domain\ThesisBackend.Domain.csproj", "{2C179211-2FBD-47DA-B595-32AEF5A93CD2}"
EndProject
Project("{FAE04EC0-301F-11D3-BF4B-00C04F79EFBC}") = "ThesisBackend.Services", "ThesisBackend.Services\ThesisBackend.Services.csproj", "{B1795099-4813-4FE8-87D7-D8F3C2AB977C}"
EndProject
Project("{FAE04EC0-301F-11D3-BF4B-00C04F79EFBC}") = "ThesisBackend.Services.Tests", "ThesisBackend.Services.Tests\ThesisBackend.Services.Tests.csproj", "{ACA169C8-CC7E-4F57-B02C-7159663958C0}"
EndProject
Global
	GlobalSection(SolutionConfigurationPlatforms) = preSolution
		Debug|Any CPU = Debug|Any CPU
		Release|Any CPU = Release|Any CPU
	EndGlobalSection
	GlobalSection(ProjectConfigurationPlatforms) = postSolution
		{BDA1A0AA-301B-4E57-B85B-32390D21DF14}.Debug|Any CPU.ActiveCfg = Debug|Any CPU
		{BDA1A0AA-301B-4E57-B85B-32390D21DF14}.Debug|Any CPU.Build.0 = Debug|Any CPU
		{BDA1A0AA-301B-4E57-B85B-32390D21DF14}.Release|Any CPU.ActiveCfg = Release|Any CPU
		{BDA1A0AA-301B-4E57-B85B-32390D21DF14}.Release|Any CPU.Build.0 = Release|Any CPU
		{6ABCDA36-3119-46BA-9F9C-8AE7A53BB2CF}.Debug|Any CPU.ActiveCfg = Debug|Any CPU
		{6ABCDA36-3119-46BA-9F9C-8AE7A53BB2CF}.Debug|Any CPU.Build.0 = Debug|Any CPU
		{6ABCDA36-3119-46BA-9F9C-8AE7A53BB2CF}.Release|Any CPU.ActiveCfg = Release|Any CPU
		{6ABCDA36-3119-46BA-9F9C-8AE7A53BB2CF}.Release|Any CPU.Build.0 = Release|Any CPU
		{2C179211-2FBD-47DA-B595-32AEF5A93CD2}.Debug|Any CPU.ActiveCfg = Debug|Any CPU
		{2C179211-2FBD-47DA-B595-32AEF5A93CD2}.Debug|Any CPU.Build.0 = Debug|Any CPU
		{2C179211-2FBD-47DA-B595-32AEF5A93CD2}.Release|Any CPU.ActiveCfg = Release|Any CPU
		{2C179211-2FBD-47DA-B595-32AEF5A93CD2}.Release|Any CPU.Build.0 = Release|Any CPU
		{B1795099-4813-4FE8-87D7-D8F3C2AB977C}.Debug|Any CPU.ActiveCfg = Debug|Any CPU
		{B1795099-4813-4FE8-87D7-D8F3C2AB977C}.Debug|Any CPU.Build.0 = Debug|Any CPU
		{B1795099-4813-4FE8-87D7-D8F3C2AB977C}.Release|Any CPU.ActiveCfg = Release|Any CPU
		{B1795099-4813-4FE8-87D7-D8F3C2AB977C}.Release|Any CPU.Build.0 = Release|Any CPU
		{ACA169C8-CC7E-4F57-B02C-7159663958C0}.Debug|Any CPU.ActiveCfg = Debug|Any CPU
		{ACA169C8-CC7E-4F57-B02C-7159663958C0}.Debug|Any CPU.Build.0 = Debug|Any CPU
		{ACA169C8-CC7E-4F57-B02C-7159663958C0}.Release|Any CPU.ActiveCfg = Release|Any CPU
		{ACA169C8-CC7E-4F57-B02C-7159663958C0}.Release|Any CPU.Build.0 = Release|Any CPU
	EndGlobalSection
EndGlobal
